
Microsoft Visual Studio Solution File, Format Version 12.00
# Visual Studio Version 17
VisualStudioVersion = 17.14.36705.20 d17.14
MinimumVisualStudioVersion = 10.0.40219.1
Project("{FAE04EC0-301F-11D3-BF4B-00C04F79EFBC}") = "PaintSalesApp", "PaintSalesApp\PaintSalesApp.csproj", "{DACA00F9-BA9D-4913-81DF-18A703C8C588}"
EndProject
Global
	GlobalSection(SolutionConfigurationPlatforms) = preSolution
		Debug|Any CPU = Debug|Any CPU
		Release|Any CPU = Release|Any CPU
	EndGlobalSection
	GlobalSection(ProjectConfigurationPlatforms) = postSolution
		{DACA00F9-BA9D-4913-81DF-18A703C8C588}.Debug|Any CPU.ActiveCfg = Debug|Any CPU
		{DACA00F9-BA9D-4913-81DF-18A703C8C588}.Debug|Any CPU.Build.0 = Debug|Any CPU
		{DACA00F9-BA9D-4913-81DF-18A703C8C588}.Release|Any CPU.ActiveCfg = Release|Any CPU
		{DACA00F9-BA9D-4913-81DF-18A703C8C588}.Release|Any CPU.Build.0 = Release|Any CPU
	EndGlobalSection
	GlobalSection(SolutionProperties) = preSolution
		HideSolutionNode = FALSE
	EndGlobalSection
	GlobalSection(ExtensibilityGlobals) = postSolution
		SolutionGuid = {5D576988-53CC-4BA7-BC38-465D1CFA06A2}
	EndGlobalSection
EndGlobal
